[[package]]
category = "main"
description = "Python package for providing Mozilla's CA Bundle."
name = "certifi"
optional = false
python-versions = "*"
version = "2019.9.11"

[[package]]
category = "main"
description = "Universal encoding detector for Python 2 and 3"
name = "chardet"
optional = false
python-versions = "*"
version = "3.0.4"

[[package]]
category = "main"
description = "Internationalized Domain Names in Applications (IDNA)"
name = "idna"
optional = false
python-versions = ">=2.7, !=3.0.*, !=3.1.*, !=3.2.*, !=3.3.*"
version = "2.8"

[[package]]
category = "main"
description = "Cryptographic library for Python"
name = "pycryptodome"
optional = false
python-versions = ">=2.6, !=3.0.*, !=3.1.*, !=3.2.*, !=3.3.*"
version = "3.9.0"

[[package]]
category = "main"
description = "Python HTTP for Humans."
name = "requests"
optional = false
python-versions = ">=2.7, !=3.0.*, !=3.1.*, !=3.2.*, !=3.3.*, !=3.4.*"
version = "2.22.0"

[package.dependencies]
certifi = ">=2017.4.17"
chardet = ">=3.0.2,<3.1.0"
idna = ">=2.5,<2.9"
urllib3 = ">=1.21.1,<1.25.0 || >1.25.0,<1.25.1 || >1.25.1,<1.26"

[[package]]
category = "main"
description = "HTTP library with thread-safe connection pooling, file post, and more."
name = "urllib3"
optional = false
python-versions = ">=2.7, !=3.0.*, !=3.1.*, !=3.2.*, !=3.3.*, <4"
version = "1.25.6"

[metadata]
content-hash = "878e16ddfb40983cab58f55ad76573305bc37608af38d9125e81c9b9df74dd89"
python-versions = "^3.6"

[metadata.hashes]
certifi = ["e4f3620cfea4f83eedc95b24abd9cd56f3c4b146dd0177e83a21b4eb49e21e50", "fd7c7c74727ddcf00e9acd26bba8da604ffec95bf1c2144e67aff7a8b50e6cef"]
chardet = ["84ab92ed1c4d4f16916e05906b6b75a6c0fb5db821cc65e70cbd64a3e2a5eaae", "fc323ffcaeaed0e0a02bf4d117757b98aed530d9ed4531e3e15460124c106691"]
idna = ["c357b3f628cf53ae2c4c05627ecc484553142ca23264e593d327bcde5e9c3407", "ea8b7f6188e6fa117537c3df7da9fc686d485087abf6ac197f9c46432f7e4a3c"]
pycryptodome = ["023c294367d7189ae224fb61bc8d49a2347704087c1c78dbd5ab114dd5b97761", "0f29e1238ad3b6b6e2acd7ea1d8e8b382978a56503f2c48b67d5dc144d143cb0", "18f376698e3ddcb1d3b312512ca78c9eed132e68ac6d0bf2e72452dfe213e96f", "1de815b847982f909dc2e5e2ca641b85cde80d95cc7e6a359c03d4b42cd21568", "1ff619b8e4050799ca5ca0ffdf8eb0dbccba6997997866755f37e6aa7dde23fe", "233a04bb7bdd4b07e14d61d5166150942d872802daa4f049d49a453fe0659e94", "33c07e1e36ec84524b49f99f11804d5e4d2188c643e84d914cb1e0a277ed3c79", "3701822a085dbebf678bfbdfbd6ebd92ffa80d5a544c9979984bf16a67c9790b", "3f8e6851c0a45429f9b86c1597d3b831b0cff140b3e170a891fce55ef8dac2bb", "4f6cdddf1fe72e7f173e9734aa19b94cbd046b61a8559d650ff222e36021d5c1", "52d20b22c5b1fc952b4c686b99a6c55c3b0b0a673bec30570f156a72198f66ff", "5452b534fecf8bf57cf9106d00877f5f4ab7264e7a5e1f5ea8d15b04517d1255", "5a7a9a4a7f8f0990fa97fee71c7f7e0c412925c515cfc6d4996961e92c9be8e5", "600bf9dd5fbed0feee83950e2a8baacaa1f38b56c237fff270d31e47f8da9e52", "6840c9881e528224ebf72b3f73b3d11baf399e265106c9f4d9bae4f09615a93a", "71b041d43fe13004abc36ca720ac64ea489ee8a3407a25116481d0faf9d62494", "7252498b427c421e306473ed344e58235eedd95c15fec2e1b33d333aefa1ea10", "8d2135c941d38f241e0e62dbdfc1ca5d9240527e61316126797f50b6f3e49825", "a0962aea03933b99cf391c3e10dfef32f77915d5553464264cfbc6711f31d254", "a117047a220b3911d425affcd1cbc97a1af7ea7eb5d985d9964d42b4f0558489", "a35a5c588248ba00eb976a8554211e584a55de286783bc69b12bdd7954052b4a", "c1a4f3f651471b9bf60b0d98fa8a994b8a73ff8ab4edc691e23243c853aaff9f", "c419943306756ddd1a1997120bb073733bc223365909c68185106d5521cbc0ef", "c453ad968b67d66448543420ec39770c30bd16d986058255f058ab87c4f6cc1f", "d2d78644655629c7d1b9bf28e479d29facc0949d9ff095103ca9c2314b329ee0", "d7be60dc2126ee350ac7191549f5ab05c2dd76a5d5a3022249f395a401c6ea37", "dbeb08ad850056747aa7d5f33273b7ce0b9a77910604a1be7b7a6f2ef076213f", "f02382dc1bf91fb7123f2a3851fb1b526c871fa9359f387f2bcc847efc74ae52"]
requests = ["11e007a8a2aa0323f5a921e9e6a2d7e4e67d9877e85773fba9ba6419025cbeb4", "9cf5292fcd0f598c671cfc1e0d7d1a7f13bb8085e9a590f48c010551dc6c4b31"]
urllib3 = ["3de946ffbed6e6746608990594d08faac602528ac7015ac28d33cee6a45b7398", "9a107b99a5393caf59c7aa3c1249c16e6879447533d0887f4336dde834c7be86"]
